
Microsoft Visual Studio Solution File, Format Version 12.00
# Visual Studio Version 16
VisualStudioVersion = 16.0.30621.155
MinimumVisualStudioVersion = 10.0.40219.1
Project("{FAE04EC0-301F-11D3-BF4B-00C04F79EFBC}") = "WebMVCMetrodata", "WebMVCMetrodata\WebMVCMetrodata.csproj", "{182A6BBE-DB03-402B-A10E-4FBCFCA30F2D}"
EndProject
Global
	GlobalSection(SolutionConfigurationPlatforms) = preSolution
		Debug|Any CPU = Debug|Any CPU
		Release|Any CPU = Release|Any CPU
	EndGlobalSection
	GlobalSection(ProjectConfigurationPlatforms) = postSolution
		{182A6BBE-DB03-402B-A10E-4FBCFCA30F2D}.Debug|Any CPU.ActiveCfg = Debug|Any CPU
		{182A6BBE-DB03-402B-A10E-4FBCFCA30F2D}.Debug|Any CPU.Build.0 = Debug|Any CPU
		{182A6BBE-DB03-402B-A10E-4FBCFCA30F2D}.Release|Any CPU.ActiveCfg = Release|Any CPU
		{182A6BBE-DB03-402B-A10E-4FBCFCA30F2D}.Release|Any CPU.Build.0 = Release|Any CPU
	EndGlobalSection
	GlobalSection(SolutionProperties) = preSolution
		HideSolutionNode = FALSE
	EndGlobalSection
	GlobalSection(ExtensibilityGlobals) = postSolution
		SolutionGuid = {76C4F267-8CE1-40D2-ACCE-01B28A06669A}
	EndGlobalSection
EndGlobal
